lockfileVersion: 5.4

specifiers:
  dotenv: ^16.0.3
  meow: ^11.0.0
  octokit: ^2.0.11
  prettier: ^2.8.2

dependencies:
  dotenv: 16.0.3
  meow: 11.0.0
  octokit: 2.0.11

devDependencies:
  prettier: 2.8.2

packages:

  /@babel/code-frame/7.18.6:
    resolution: {integrity: sha512-TDCmlK5eOvH+eH7cdAFlNXeVJqWIQ7gW9tY1GJIpUtFb6CmjVyq2VM3u71bOyR8CRihcCgMUYoDNyLXao3+70Q==}
    engines: {node: '>=6.9.0'}
    dependencies:
      '@babel/highlight': 7.18.6
    dev: false

  /@babel/helper-validator-identifier/7.19.1:
    resolution: {integrity: sha512-awrNfaMtnHUr653GgGEs++LlAvW6w+DcPrOliSMXWCKo597CwL5Acf/wWdNkf/tfEQE3mjkeD1YOVZOUV/od1w==}
    engines: {node: '>=6.9.0'}
    dev: false

  /@babel/highlight/7.18.6:
    resolution: {integrity: sha512-u7stbOuYjaPezCuLj29hNW1v64M2Md2qupEKP1fHc7WdOA3DgLh37suiSrZYY7haUB7iBeQZ9P1uiRF359do3g==}
    engines: {node: '>=6.9.0'}
    dependencies:
      '@babel/helper-validator-identifier': 7.19.1
      chalk: 2.4.2
      js-tokens: 4.0.0
    dev: false

  /@octokit/app/13.1.1:
    resolution: {integrity: sha512-83TPUMWPAWaACe8AJVBlg6gptbDJk/33C/0V9e0yWfBqXINqF2ZutctQIcrRcyWBPlfYmFElPbElMqlspe8UWg==}
    engines: {node: '>= 14'}
    dependencies:
      '@octokit/auth-app': 4.0.8
      '@octokit/auth-unauthenticated': 3.0.3
      '@octokit/core': 4.1.0
      '@octokit/oauth-app': 4.2.0
      '@octokit/plugin-paginate-rest': 5.0.1_@octokit+core@4.1.0
      '@octokit/types': 8.0.0
      '@octokit/webhooks': 10.5.0
    transitivePeerDependencies:
      - encoding
    dev: false

  /@octokit/auth-app/4.0.8:
    resolution: {integrity: sha512-miI7y9FfS/fL1bSPsDaAfCGSxQ04iGLyisI2GA8N7P6eB6AkCOt+F1XXapJKRnAubQubvYF0dqxoTZYyKk93NQ==}
    engines: {node: '>= 14'}
    dependencies:
      '@octokit/auth-oauth-app': 5.0.4
      '@octokit/auth-oauth-user': 2.0.4
      '@octokit/request': 6.2.2
      '@octokit/request-error': 3.0.2
      '@octokit/types': 8.0.0
      '@types/lru-cache': 5.1.1
      deprecation: 2.3.1
      lru-cache: 6.0.0
      universal-github-app-jwt: 1.1.1
      universal-user-agent: 6.0.0
    transitivePeerDependencies:
      - encoding
    dev: false

  /@octokit/auth-oauth-app/5.0.4:
    resolution: {integrity: sha512-zlWuii5hAN50vsV6SJC+uIJ7SMhyWjQMEmKJQxkmNDlieE9LjnkZnbOjqRsfcG7VO7WTl4K8ccpo/3A7Kdpmrw==}
    engines: {node: '>= 14'}
    dependencies:
      '@octokit/auth-oauth-device': 4.0.3
      '@octokit/auth-oauth-user': 2.0.4
      '@octokit/request': 6.2.2
      '@octokit/types': 8.0.0
      '@types/btoa-lite': 1.0.0
      btoa-lite: 1.0.0
      universal-user-agent: 6.0.0
    transitivePeerDependencies:
      - encoding
    dev: false

  /@octokit/auth-oauth-device/4.0.3:
    resolution: {integrity: sha512-KPTx5nMntKjNZzzltO3X4T68v22rd7Cp/TcLJXQE2U8aXPcZ9LFuww9q9Q5WUNSu3jwi3lRwzfkPguRfz1R8Vg==}
    engines: {node: '>= 14'}
    dependencies:
      '@octokit/oauth-methods': 2.0.4
      '@octokit/request': 6.2.2
      '@octokit/types': 8.0.0
      universal-user-agent: 6.0.0
    transitivePeerDependencies:
      - encoding
    dev: false

  /@octokit/auth-oauth-user/2.0.4:
    resolution: {integrity: sha512-HrbDzTPqz6GcGSOUkR+wSeF3vEqsb9NMsmPja/qqqdiGmlk/Czkxctc3KeWYogHonp62Ml4kjz2VxKawrFsadQ==}
    engines: {node: '>= 14'}
    dependencies:
      '@octokit/auth-oauth-device': 4.0.3
      '@octokit/oauth-methods': 2.0.4
      '@octokit/request': 6.2.2
      '@octokit/types': 8.0.0
      btoa-lite: 1.0.0
      universal-user-agent: 6.0.0
    transitivePeerDependencies:
      - encoding
    dev: false

  /@octokit/auth-token/3.0.2:
    resolution: {integrity: sha512-pq7CwIMV1kmzkFTimdwjAINCXKTajZErLB4wMLYapR2nuB/Jpr66+05wOTZMSCBXP6n4DdDWT2W19Bm17vU69Q==}
    engines: {node: '>= 14'}
    dependencies:
      '@octokit/types': 8.0.0
    dev: false

  /@octokit/auth-unauthenticated/3.0.3:
    resolution: {integrity: sha512-IyfLo1T5GmIC9+07hHGlD3gHtZI1Bona8PLhHXUnwcYDuZt0BhjlNJDYMoPG21C4r7v7+ZSxQHBKrGgkxpYb7A==}
    engines: {node: '>= 14'}
    dependencies:
      '@octokit/request-error': 3.0.2
      '@octokit/types': 8.0.0
    dev: false

  /@octokit/core/4.1.0:
    resolution: {integrity: sha512-Czz/59VefU+kKDy+ZfDwtOIYIkFjExOKf+HA92aiTZJ6EfWpFzYQWw0l54ji8bVmyhc+mGaLUbSUmXazG7z5OQ==}
    engines: {node: '>= 14'}
    dependencies:
      '@octokit/auth-token': 3.0.2
      '@octokit/graphql': 5.0.4
      '@octokit/request': 6.2.2
      '@octokit/request-error': 3.0.2
      '@octokit/types': 8.0.0
      before-after-hook: 2.2.3
      universal-user-agent: 6.0.0
    transitivePeerDependencies:
      - encoding
    dev: false

  /@octokit/endpoint/7.0.3:
    resolution: {integrity: sha512-57gRlb28bwTsdNXq+O3JTQ7ERmBTuik9+LelgcLIVfYwf235VHbN9QNo4kXExtp/h8T423cR5iJThKtFYxC7Lw==}
    engines: {node: '>= 14'}
    dependencies:
      '@octokit/types': 8.0.0
      is-plain-object: 5.0.0
      universal-user-agent: 6.0.0
    dev: false

  /@octokit/graphql/5.0.4:
    resolution: {integrity: sha512-amO1M5QUQgYQo09aStR/XO7KAl13xpigcy/kI8/N1PnZYSS69fgte+xA4+c2DISKqUZfsh0wwjc2FaCt99L41A==}
    engines: {node: '>= 14'}
    dependencies:
      '@octokit/request': 6.2.2
      '@octokit/types': 8.0.0
      universal-user-agent: 6.0.0
    transitivePeerDependencies:
      - encoding
    dev: false

  /@octokit/oauth-app/4.2.0:
    resolution: {integrity: sha512-gyGclT77RQMkVUEW3YBeAKY+LBSc5u3eC9Wn/Uwt3WhuKuu9mrV18EnNpDqmeNll+mdV02yyBROU29Tlili6gg==}
    engines: {node: '>= 14'}
    dependencies:
      '@octokit/auth-oauth-app': 5.0.4
      '@octokit/auth-oauth-user': 2.0.4
      '@octokit/auth-unauthenticated': 3.0.3
      '@octokit/core': 4.1.0
      '@octokit/oauth-authorization-url': 5.0.0
      '@octokit/oauth-methods': 2.0.4
      '@types/aws-lambda': 8.10.109
      fromentries: 1.3.2
      universal-user-agent: 6.0.0
    transitivePeerDependencies:
      - encoding
    dev: false

  /@octokit/oauth-authorization-url/5.0.0:
    resolution: {integrity: sha512-y1WhN+ERDZTh0qZ4SR+zotgsQUE1ysKnvBt1hvDRB2WRzYtVKQjn97HEPzoehh66Fj9LwNdlZh+p6TJatT0zzg==}
    engines: {node: '>= 14'}
    dev: false

  /@octokit/oauth-methods/2.0.4:
    resolution: {integrity: sha512-RDSa6XL+5waUVrYSmOlYROtPq0+cfwppP4VaQY/iIei3xlFb0expH6YNsxNrZktcLhJWSpm9uzeom+dQrXlS3A==}
    engines: {node: '>= 14'}
    dependencies:
      '@octokit/oauth-authorization-url': 5.0.0
      '@octokit/request': 6.2.2
      '@octokit/request-error': 3.0.2
      '@octokit/types': 8.0.0
      btoa-lite: 1.0.0
    transitivePeerDependencies:
      - encoding
    dev: false

  /@octokit/openapi-types/14.0.0:
    resolution: {integrity: sha512-HNWisMYlR8VCnNurDU6os2ikx0s0VyEjDYHNS/h4cgb8DeOxQ0n72HyinUtdDVxJhFy3FWLGl0DJhfEWk3P5Iw==}
    dev: false

  /@octokit/plugin-paginate-rest/5.0.1_@octokit+core@4.1.0:
    resolution: {integrity: sha512-7A+rEkS70pH36Z6JivSlR7Zqepz3KVucEFVDnSrgHXzG7WLAzYwcHZbKdfTXHwuTHbkT1vKvz7dHl1+HNf6Qyw==}
    engines: {node: '>= 14'}
    peerDependencies:
      '@octokit/core': '>=4'
    dependencies:
      '@octokit/core': 4.1.0
      '@octokit/types': 8.0.0
    dev: false

  /@octokit/plugin-rest-endpoint-methods/6.7.0_@octokit+core@4.1.0:
    resolution: {integrity: sha512-orxQ0fAHA7IpYhG2flD2AygztPlGYNAdlzYz8yrD8NDgelPfOYoRPROfEyIe035PlxvbYrgkfUZIhSBKju/Cvw==}
    engines: {node: '>= 14'}
    peerDependencies:
      '@octokit/core': '>=3'
    dependencies:
      '@octokit/core': 4.1.0
      '@octokit/types': 8.0.0
      deprecation: 2.3.1
    dev: false

  /@octokit/plugin-retry/4.0.3_@octokit+core@4.1.0:
    resolution: {integrity: sha512-tDR+4Cs9GPPNJ7/RjTEq5ty2wqjKe1hRUV7/hch+nORow5LshlHXTT1qfYNsFPw3S9szvFFAfDEFq/xwrEpL7g==}
    engines: {node: '>= 14'}
    peerDependencies:
      '@octokit/core': '>=3'
    dependencies:
      '@octokit/core': 4.1.0
      '@octokit/types': 8.0.0
      bottleneck: 2.19.5
    dev: false

  /@octokit/plugin-throttling/4.3.2_@octokit+core@4.1.0:
    resolution: {integrity: sha512-ZaCK599h3tzcoy0Jtdab95jgmD7X9iAk59E2E7hYKCAmnURaI4WpzwL9vckImilybUGrjY1JOWJapDs2N2D3vw==}
    engines: {node: '>= 14'}
    peerDependencies:
      '@octokit/core': ^4.0.0
    dependencies:
      '@octokit/core': 4.1.0
      '@octokit/types': 8.0.0
      bottleneck: 2.19.5
    dev: false

  /@octokit/request-error/3.0.2:
    resolution: {integrity: sha512-WMNOFYrSaX8zXWoJg9u/pKgWPo94JXilMLb2VManNOby9EZxrQaBe/QSC4a1TzpAlpxofg2X/jMnCyZgL6y7eg==}
    engines: {node: '>= 14'}
    dependencies:
      '@octokit/types': 8.0.0
      deprecation: 2.3.1
      once: 1.4.0
    dev: false

  /@octokit/request/6.2.2:
    resolution: {integrity: sha512-6VDqgj0HMc2FUX2awIs+sM6OwLgwHvAi4KCK3mT2H2IKRt6oH9d0fej5LluF5mck1lRR/rFWN0YIDSYXYSylbw==}
    engines: {node: '>= 14'}
    dependencies:
      '@octokit/endpoint': 7.0.3
      '@octokit/request-error': 3.0.2
      '@octokit/types': 8.0.0
      is-plain-object: 5.0.0
      node-fetch: 2.6.7
      universal-user-agent: 6.0.0
    transitivePeerDependencies:
      - encoding
    dev: false

  /@octokit/types/8.0.0:
    resolution: {integrity: sha512-65/TPpOJP1i3K4lBJMnWqPUJ6zuOtzhtagDvydAWbEXpbFYA0oMKKyLb95NFZZP0lSh/4b6K+DQlzvYQJQQePg==}
    dependencies:
      '@octokit/openapi-types': 14.0.0
    dev: false

  /@octokit/webhooks-methods/3.0.1:
    resolution: {integrity: sha512-XftYVcBxtzC2G05kdBNn9IYLtQ+Cz6ufKkjZd0DU/qGaZEFTPzM2OabXAWG5tvL0q/I+Exio1JnRiPfetiMSEw==}
    engines: {node: '>= 14'}
    dev: false

  /@octokit/webhooks-types/6.7.0:
    resolution: {integrity: sha512-bykm7UkSnxmb2uhSfcLM1Pity/LQ6ZBSdzy9HU0vXjR+2g+tzlmRhXb7Go8oj0TlgO+vDrTivGXju6zkzOGKjA==}
    dev: false

  /@octokit/webhooks/10.5.0:
    resolution: {integrity: sha512-IQkogbujbLKXrpfsuH7PV33tMiivMeUhggOfimetwdaX4M7WB+mRdxwFsc8dJCOt9wCSrXfZtpd8eK3VOf4GCQ==}
    engines: {node: '>= 14'}
    dependencies:
      '@octokit/request-error': 3.0.2
      '@octokit/webhooks-methods': 3.0.1
      '@octokit/webhooks-types': 6.7.0
      aggregate-error: 3.1.0
    dev: false

  /@types/aws-lambda/8.10.109:
    resolution: {integrity: sha512-/ME92FneNyXQzrAfcnQQlW1XkCZGPDlpi2ao1MJwecN+6SbeonKeggU8eybv1DfKli90FAVT1MlIZVXfwVuCyg==}
    dev: false

  /@types/btoa-lite/1.0.0:
    resolution: {integrity: sha512-wJsiX1tosQ+J5+bY5LrSahHxr2wT+uME5UDwdN1kg4frt40euqA+wzECkmq4t5QbveHiJepfdThgQrPw6KiSlg==}
    dev: false

  /@types/jsonwebtoken/9.0.0:
    resolution: {integrity: sha512-mM4TkDpA9oixqg1Fv2vVpOFyIVLJjm5x4k0V+K/rEsizfjD7Tk7LKk3GTtbB7KCfP0FEHQtsZqFxYA0+sijNVg==}
    dependencies:
      '@types/node': 18.11.18
    dev: false

  /@types/lru-cache/5.1.1:
    resolution: {integrity: sha512-ssE3Vlrys7sdIzs5LOxCzTVMsU7i9oa/IaW92wF32JFb3CVczqOkru2xspuKczHEbG3nvmPY7IFqVmGGHdNbYw==}
    dev: false

  /@types/minimist/1.2.2:
    resolution: {integrity: sha512-jhuKLIRrhvCPLqwPcx6INqmKeiA5EWrsCOPhrlFSrbrmU4ZMPjj5Ul/oLCMDO98XRUIwVm78xICz4EPCektzeQ==}
    dev: false

  /@types/node/18.11.18:
    resolution: {integrity: sha512-DHQpWGjyQKSHj3ebjFI/wRKcqQcdR+MoFBygntYOZytCqNfkd2ZC4ARDJ2DQqhjH5p85Nnd3jhUJIXrszFX/JA==}
    dev: false

  /@types/normalize-package-data/2.4.1:
    resolution: {integrity: sha512-Gj7cI7z+98M282Tqmp2K5EIsoouUEzbBJhQQzDE3jSIRk6r9gsz0oUokqIUR4u1R3dMHo0pDHM7sNOHyhulypw==}
    dev: false

  /aggregate-error/3.1.0:
    resolution: {integrity: sha512-4I7Td01quW/RpocfNayFdFVk1qSuoh0E7JrbRJ16nH01HhKFQ88INq9Sd+nd72zqRySlr9BmDA8xlEJ6vJMrYA==}
    engines: {node: '>=8'}
    dependencies:
      clean-stack: 2.2.0
      indent-string: 4.0.0
    dev: false

  /ansi-styles/3.2.1:
    resolution: {integrity: sha512-VT0ZI6kZRdTh8YyJw3SMbYm/u+NqfsAxEpWO0Pf9sq8/e94WxxOpPKx9FR1FlyCtOVDNOQ+8ntlqFxiRc+r5qA==}
    engines: {node: '>=4'}
    dependencies:
      color-convert: 1.9.3
    dev: false

  /arrify/1.0.1:
    resolution: {integrity: sha512-3CYzex9M9FGQjCGMGyi6/31c8GJbgb0qGyrx5HWxPd0aCwh4cB2YjMb2Xf9UuoogrMrlO9cTqnB5rI5GHZTcUA==}
    engines: {node: '>=0.10.0'}
    dev: false

  /before-after-hook/2.2.3:
    resolution: {integrity: sha512-NzUnlZexiaH/46WDhANlyR2bXRopNg4F/zuSA3OpZnllCUgRaOF2znDioDWrmbNVsuZk6l9pMquQB38cfBZwkQ==}
    dev: false

  /bottleneck/2.19.5:
    resolution: {integrity: sha512-VHiNCbI1lKdl44tGrhNfU3lup0Tj/ZBMJB5/2ZbNXRCPuRCO7ed2mgcK4r17y+KB2EfuYuRaVlwNbAeaWGSpbw==}
    dev: false

  /btoa-lite/1.0.0:
    resolution: {integrity: sha512-gvW7InbIyF8AicrqWoptdW08pUxuhq8BEgowNajy9RhiE86fmGAGl+bLKo6oB8QP0CkqHLowfN0oJdKC/J6LbA==}
    dev: false

  /buffer-equal-constant-time/1.0.1:
    resolution: {integrity: sha512-zRpUiDwd/xk6ADqPMATG8vc9VPrkck7T07OIx0gnjmJAnHnTVXNQG3vfvWNuiZIkwu9KrKdA1iJKfsfTVxE6NA==}
    dev: false

  /camelcase-keys/8.0.2:
    resolution: {integrity: sha512-qMKdlOfsjlezMqxkUGGMaWWs17i2HoL15tM+wtx8ld4nLrUwU58TFdvyGOz/piNP842KeO8yXvggVQSdQ828NA==}
    engines: {node: '>=14.16'}
    dependencies:
      camelcase: 7.0.1
      map-obj: 4.3.0
      quick-lru: 6.1.1
      type-fest: 2.19.0
    dev: false

  /camelcase/7.0.1:
    resolution: {integrity: sha512-xlx1yCK2Oc1APsPXDL2LdlNP6+uu8OCDdhOBSVT279M/S+y75O30C2VuD8T2ogdePBBl7PfPF4504tnLgX3zfw==}
    engines: {node: '>=14.16'}
    dev: false

  /chalk/2.4.2:
    resolution: {integrity: sha512-Mti+f9lpJNcwF4tWV8/OrTTtF1gZi+f8FqlyAdouralcFWFQWF2+NgCHShjkCb+IFBLq9buZwE1xckQU4peSuQ==}
    engines: {node: '>=4'}
    dependencies:
      ansi-styles: 3.2.1
      escape-string-regexp: 1.0.5
      supports-color: 5.5.0
    dev: false

  /clean-stack/2.2.0:
    resolution: {integrity: sha512-4diC9HaTE+KRAMWhDhrGOECgWZxoevMc5TlkObMqNSsVU62PYzXZ/SMTjzyGAFF1YusgxGcSWTEXBhp0CPwQ1A==}
    engines: {node: '>=6'}
    dev: false

  /color-convert/1.9.3:
    resolution: {integrity: sha512-QfAUtd+vFdAtFQcC8CCyYt1fYWxSqAiK2cSD6zDB8N3cpsEBAvRxp9zOGg6G/SHHJYAT88/az/IuDGALsNVbGg==}
    dependencies:
      color-name: 1.1.3
    dev: false

  /color-name/1.1.3:
    resolution: {integrity: sha512-72fSenhMw2HZMTVHeCA9KCmpEIbzWiQsjN+BHcBbS9vr1mtt+vJjPdksIBNUmKAW8TFUDPJK5SUU3QhE9NEXDw==}
    dev: false

  /decamelize-keys/1.1.1:
    resolution: {integrity: sha512-WiPxgEirIV0/eIOMcnFBA3/IJZAZqKnwAwWyvvdi4lsr1WCN22nhdf/3db3DoZcUjTV2SqfzIwNyp6y2xs3nmg==}
    engines: {node: '>=0.10.0'}
    dependencies:
      decamelize: 1.2.0
      map-obj: 1.0.1
    dev: false

  /decamelize/1.2.0:
    resolution: {integrity: sha512-z2S+W9X73hAUUki+N+9Za2lBlun89zigOyGrsax+KUQ6wKW4ZoWpEYBkGhQjwAjjDCkWxhY0VKEhk8wzY7F5cA==}
    engines: {node: '>=0.10.0'}
    dev: false

  /decamelize/6.0.0:
    resolution: {integrity: sha512-Fv96DCsdOgB6mdGl67MT5JaTNKRzrzill5OH5s8bjYJXVlcXyPYGyPsUkWyGV5p1TXI5esYIYMMeDJL0hEIwaA==}
    engines: {node: ^12.20.0 || ^14.13.1 || >=16.0.0}
    dev: false

  /deprecation/2.3.1:
    resolution: {integrity: sha512-xmHIy4F3scKVwMsQ4WnVaS8bHOx0DmVwRywosKhaILI0ywMDWPtBSku2HNxRvF7jtwDRsoEwYQSfbxj8b7RlJQ==}
    dev: false

  /dotenv/16.0.3:
    resolution: {integrity: sha512-7GO6HghkA5fYG9TYnNxi14/7K9f5occMlp3zXAuSxn7CKCxt9xbNWG7yF8hTCSUchlfWSe3uLmlPfigevRItzQ==}
    engines: {node: '>=12'}
    dev: false

  /ecdsa-sig-formatter/1.0.11:
    resolution: {integrity: sha512-nagl3RYrbNv6kQkeJIpt6NJZy8twLB/2vtz6yN9Z4vRKHN4/QZJIEbqohALSgwKdnksuY3k5Addp5lg8sVoVcQ==}
    dependencies:
      safe-buffer: 5.2.1
    dev: false

  /error-ex/1.3.2:
    resolution: {integrity: sha512-7dFHNmqeFSEt2ZBsCriorKnn3Z2pj+fd9kmI6QoWw4//DL+icEBfc0U7qJCisqrTsKTjw4fNFy2pW9OqStD84g==}
    dependencies:
      is-arrayish: 0.2.1
    dev: false

  /escape-string-regexp/1.0.5:
    resolution: {integrity: sha512-vbRorB5FUQWvla16U8R/qgaFIya2qGzwDrNmCZuYKrbdSUMG6I1ZCGQRefkRVhuOkIGVne7BQ35DSfo1qvJqFg==}
    engines: {node: '>=0.8.0'}
    dev: false

  /find-up/6.3.0:
    resolution: {integrity: sha512-v2ZsoEuVHYy8ZIlYqwPe/39Cy+cFDzp4dXPaxNvkEuouymu+2Jbz0PxpKarJHYJTmv2HWT3O382qY8l4jMWthw==}
    engines: {node: ^12.20.0 || ^14.13.1 || >=16.0.0}
    dependencies:
      locate-path: 7.1.1
      path-exists: 5.0.0
    dev: false

  /fromentries/1.3.2:
    resolution: {integrity: sha512-cHEpEQHUg0f8XdtZCc2ZAhrHzKzT0MrFUTcvx+hfxYu7rGMDc5SKoXFh+n4YigxsHXRzc6OrCshdR1bWH6HHyg==}
    dev: false

  /function-bind/1.1.1:
    resolution: {integrity: sha512-yIovAzMX49sF8Yl58fSCWJ5svSLuaibPxXQJFLmBObTuCr0Mf1KiPopGM9NiFjiYBCbfaa2Fh6breQ6ANVTI0A==}
    dev: false

  /hard-rejection/2.1.0:
    resolution: {integrity: sha512-VIZB+ibDhx7ObhAe7OVtoEbuP4h/MuOTHJ+J8h/eBXotJYl0fBgR72xDFCKgIh22OJZIOVNxBMWuhAr10r8HdA==}
    engines: {node: '>=6'}
    dev: false

  /has-flag/3.0.0:
    resolution: {integrity: sha512-sKJf1+ceQBr4SMkvQnBDNDtf4TXpVhVGateu0t918bl30FnbE2m4vNLX+VWe/dpjlb+HugGYzW7uQXH98HPEYw==}
    engines: {node: '>=4'}
    dev: false

  /has/1.0.3:
    resolution: {integrity: sha512-f2dvO0VU6Oej7RkWJGrehjbzMAjFp5/VKPp5tTpWIV4JHHZK1/BxbFRtf/siA2SWTe09caDmVtYYzWEIbBS4zw==}
    engines: {node: '>= 0.4.0'}
    dependencies:
      function-bind: 1.1.1
    dev: false

  /hosted-git-info/4.1.0:
    resolution: {integrity: sha512-kyCuEOWjJqZuDbRHzL8V93NzQhwIB71oFWSyzVo+KPZI+pnQPPxucdkrOZvkLRnrf5URsQM+IJ09Dw29cRALIA==}
    engines: {node: '>=10'}
    dependencies:
      lru-cache: 6.0.0
    dev: false

  /hosted-git-info/5.2.1:
    resolution: {integrity: sha512-xIcQYMnhcx2Nr4JTjsFmwwnr9vldugPy9uVm0o87bjqqWMv9GaqsTeT+i99wTl0mk1uLxJtHxLb8kymqTENQsw==}
    engines: {node: ^12.13.0 || ^14.15.0 || >=16.0.0}
    dependencies:
      lru-cache: 7.14.1
    dev: false

  /indent-string/4.0.0:
    resolution: {integrity: sha512-EdDDZu4A2OyIK7Lr/2zG+w5jmbuk1DVBnEwREQvBzspBJkCEbRa8GxU1lghYcaGJCnRWibjDXlq779X1/y5xwg==}
    engines: {node: '>=8'}
    dev: false

  /indent-string/5.0.0:
    resolution: {integrity: sha512-m6FAo/spmsW2Ab2fU35JTYwtOKa2yAwXSwgjSv1TJzh4Mh7mC3lzAOVLBprb72XsTrgkEIsl7YrFNAiDiRhIGg==}
    engines: {node: '>=12'}
    dev: false

  /is-arrayish/0.2.1:
    resolution: {integrity: sha512-zz06S8t0ozoDXMG+ube26zeCTNXcKIPJZJi8hBrF4idCLms4CG9QtK7qBl1boi5ODzFpjswb5JPmHCbMpjaYzg==}
    dev: false

  /is-core-module/2.11.0:
    resolution: {integrity: sha512-RRjxlvLDkD1YJwDbroBHMb+cukurkDWNyHx7D3oNB5x9rb5ogcksMC5wHCadcXoo67gVr/+3GFySh3134zi6rw==}
    dependencies:
      has: 1.0.3
    dev: false

  /is-plain-obj/1.1.0:
    resolution: {integrity: sha512-yvkRyxmFKEOQ4pNXCmJG5AEQNlXJS5LaONXo5/cLdTZdWvsZ1ioJEonLGAosKlMWE8lwUy/bJzMjcw8az73+Fg==}
    engines: {node: '>=0.10.0'}
    dev: false

  /is-plain-object/5.0.0:
    resolution: {integrity: sha512-VRSzKkbMm5jMDoKLbltAkFQ5Qr7VDiTFGXxYFXXowVj387GeGNOCsOH6Msy00SGZ3Fp84b1Naa1psqgcCIEP5Q==}
    engines: {node: '>=0.10.0'}
    dev: false

  /js-tokens/4.0.0:
    resolution: {integrity: sha512-RdJUflcE3cUzKiMqQgsCu06FPu9UdIJO0beYbPhHN4k6apgJtifcoCtT9bcxOpYBtpD2kCM6Sbzg4CausW/PKQ==}
    dev: false

  /json-parse-even-better-errors/2.3.1:
    resolution: {integrity: sha512-xyFwyhro/JEof6Ghe2iz2NcXoj2sloNsWr/XsERDK/oiPCfaNhl5ONfp+jQdAZRQQ0IJWNzH9zIZF7li91kh2w==}
    dev: false

  /jsonwebtoken/9.0.0:
    resolution: {integrity: sha512-tuGfYXxkQGDPnLJ7SibiQgVgeDgfbPq2k2ICcbgqW8WxWLBAxKQM/ZCu/IT8SOSwmaYl4dpTFCW5xZv7YbbWUw==}
    engines: {node: '>=12', npm: '>=6'}
    dependencies:
      jws: 3.2.2
      lodash: 4.17.21
      ms: 2.1.3
      semver: 7.3.8
    dev: false

  /jwa/1.4.1:
    resolution: {integrity: sha512-qiLX/xhEEFKUAJ6FiBMbes3w9ATzyk5W7Hvzpa/SLYdxNtng+gcurvrI7TbACjIXlsJyr05/S1oUhZrc63evQA==}
    dependencies:
      buffer-equal-constant-time: 1.0.1
      ecdsa-sig-formatter: 1.0.11
      safe-buffer: 5.2.1
    dev: false

  /jws/3.2.2:
    resolution: {integrity: sha512-YHlZCB6lMTllWDtSPHz/ZXTsi8S00usEV6v1tjq8tOUZzw7DpSDWVXjXDre6ed1w/pd495ODpHZYSdkRTsa0HA==}
    dependencies:
      jwa: 1.4.1
      safe-buffer: 5.2.1
    dev: false

  /kind-of/6.0.3:
    resolution: {integrity: sha512-dcS1ul+9tmeD95T+x28/ehLgd9mENa3LsvDTtzm3vyBEO7RPptvAD+t44WVXaUjTBRcrpFeFlC8WCruUR456hw==}
    engines: {node: '>=0.10.0'}
    dev: false

  /lines-and-columns/1.2.4:
    resolution: {integrity: sha512-7ylylesZQ/PV29jhEDl3Ufjo6ZX7gCqJr5F7PKrqc93v7fzSymt1BpwEU8nAUXs8qzzvqhbjhK5QZg6Mt/HkBg==}
    dev: false

  /locate-path/7.1.1:
    resolution: {integrity: sha512-vJXaRMJgRVD3+cUZs3Mncj2mxpt5mP0EmNOsxRSZRMlbqjvxzDEOIUWXGmavo0ZC9+tNZCBLQ66reA11nbpHZg==}
    engines: {node: ^12.20.0 || ^14.13.1 || >=16.0.0}
    dependencies:
      p-locate: 6.0.0
    dev: false

  /lodash/4.17.21:
    resolution: {integrity: sha512-v2kDEe57lecTulaDIuNTPy3Ry4gLGJ6Z1O3vE1krgXZNrsQ+LFTGHVxVjcXPs17LhbZVGedAJv8XZ1tvj5FvSg==}
    dev: false

  /lru-cache/6.0.0:
    resolution: {integrity: sha512-Jo6dJ04CmSjuznwJSS3pUeWmd/H0ffTlkXXgwZi+eq1UCmqQwCh+eLsYOYCwY991i2Fah4h1BEMCx4qThGbsiA==}
    engines: {node: '>=10'}
    dependencies:
      yallist: 4.0.0
    dev: false

  /lru-cache/7.14.1:
    resolution: {integrity: sha512-ysxwsnTKdAx96aTRdhDOCQfDgbHnt8SK0KY8SEjO0wHinhWOFTESbjVCMPbU1uGXg/ch4lifqx0wfjOawU2+WA==}
    engines: {node: '>=12'}
    dev: false

  /map-obj/1.0.1:
    resolution: {integrity: sha512-7N/q3lyZ+LVCp7PzuxrJr4KMbBE2hW7BT7YNia330OFxIf4d3r5zVpicP2650l7CPN6RM9zOJRl3NGpqSiw3Eg==}
    engines: {node: '>=0.10.0'}
    dev: false

  /map-obj/4.3.0:
    resolution: {integrity: sha512-hdN1wVrZbb29eBGiGjJbeP8JbKjq1urkHJ/LIP/NY48MZ1QVXUsQBV1G1zvYFHn1XE06cwjBsOI2K3Ulnj1YXQ==}
    engines: {node: '>=8'}
    dev: false

  /meow/11.0.0:
    resolution: {integrity: sha512-Cl0yeeIrko6d94KpUo1M+0X1sB14ikoaqlIGuTH1fW4I+E3+YljL54/hb/BWmVfrV9tTV9zU04+xjw08Fh2WkA==}
    engines: {node: '>=14.16'}
    dependencies:
      '@types/minimist': 1.2.2
      camelcase-keys: 8.0.2
      decamelize: 6.0.0
      decamelize-keys: 1.1.1
      hard-rejection: 2.1.0
      minimist-options: 4.1.0
      normalize-package-data: 4.0.1
      read-pkg-up: 9.1.0
      redent: 4.0.0
      trim-newlines: 4.0.2
      type-fest: 3.5.1
      yargs-parser: 21.1.1
    dev: false

  /min-indent/1.0.1:
    resolution: {integrity: sha512-I9jwMn07Sy/IwOj3zVkVik2JTvgpaykDZEigL6Rx6N9LbMywwUSMtxET+7lVoDLLd3O3IXwJwvuuns8UB/HeAg==}
    engines: {node: '>=4'}
    dev: false

  /minimist-options/4.1.0:
    resolution: {integrity: sha512-Q4r8ghd80yhO/0j1O3B2BjweX3fiHg9cdOwjJd2J76Q135c+NDxGCqdYKQ1SKBuFfgWbAUzBfvYjPUEeNgqN1A==}
    engines: {node: '>= 6'}
    dependencies:
      arrify: 1.0.1
      is-plain-obj: 1.1.0
      kind-of: 6.0.3
    dev: false

  /ms/2.1.3:
    resolution: {integrity: sha512-6FlzubTLZG3J2a/NVCAleEhjzq5oxgHyaCU9yYXvcLsvoVaHJq/s5xXI6/XXP6tz7R9xAOtHnSO/tXtF3WRTlA==}
    dev: false

  /node-fetch/2.6.7:
    resolution: {integrity: sha512-ZjMPFEfVx5j+y2yF35Kzx5sF7kDzxuDj6ziH4FFbOp87zKDZNx8yExJIb05OGF4Nlt9IHFIMBkRl41VdvcNdbQ==}
    engines: {node: 4.x || >=6.0.0}
    peerDependencies:
      encoding: ^0.1.0
    peerDependenciesMeta:
      encoding:
        optional: true
    dependencies:
      whatwg-url: 5.0.0
    dev: false

  /normalize-package-data/3.0.3:
    resolution: {integrity: sha512-p2W1sgqij3zMMyRC067Dg16bfzVH+w7hyegmpIvZ4JNjqtGOVAIvLmjBx3yP7YTe9vKJgkoNOPjwQGogDoMXFA==}
    engines: {node: '>=10'}
    dependencies:
      hosted-git-info: 4.1.0
      is-core-module: 2.11.0
      semver: 7.3.8
      validate-npm-package-license: 3.0.4
    dev: false

  /normalize-package-data/4.0.1:
    resolution: {integrity: sha512-EBk5QKKuocMJhB3BILuKhmaPjI8vNRSpIfO9woLC6NyHVkKKdVEdAO1mrT0ZfxNR1lKwCcTkuZfmGIFdizZ8Pg==}
    engines: {node: ^12.13.0 || ^14.15.0 || >=16.0.0}
    dependencies:
      hosted-git-info: 5.2.1
      is-core-module: 2.11.0
      semver: 7.3.8
      validate-npm-package-license: 3.0.4
    dev: false

  /octokit/2.0.11:
    resolution: {integrity: sha512-Ivjapy5RXWvJfmZe0BvfMM2gnNi39rjheZV/s3SjICb7gfl83JWPDmBERe4f/l2czdRnj4NVIn4YO7Q737oLCg==}
    engines: {node: '>= 14'}
    dependencies:
      '@octokit/app': 13.1.1
      '@octokit/core': 4.1.0
      '@octokit/oauth-app': 4.2.0
      '@octokit/plugin-paginate-rest': 5.0.1_@octokit+core@4.1.0
      '@octokit/plugin-rest-endpoint-methods': 6.7.0_@octokit+core@4.1.0
      '@octokit/plugin-retry': 4.0.3_@octokit+core@4.1.0
      '@octokit/plugin-throttling': 4.3.2_@octokit+core@4.1.0
      '@octokit/types': 8.0.0
    transitivePeerDependencies:
      - encoding
    dev: false

  /once/1.4.0:
    resolution: {integrity: sha512-lNaJgI+2Q5URQBkccEKHTQOPaXdUxnZZElQTZY0MFUAuaEqe1E+Nyvgdz/aIyNi6Z9MzO5dv1H8n58/GELp3+w==}
    dependencies:
      wrappy: 1.0.2
    dev: false

  /p-limit/4.0.0:
    resolution: {integrity: sha512-5b0R4txpzjPWVw/cXXUResoD4hb6U/x9BH08L7nw+GN1sezDzPdxeRvpc9c433fZhBan/wusjbCsqwqm4EIBIQ==}
    engines: {node: ^12.20.0 || ^14.13.1 || >=16.0.0}
    dependencies:
      yocto-queue: 1.0.0
    dev: false

  /p-locate/6.0.0:
    resolution: {integrity: sha512-wPrq66Llhl7/4AGC6I+cqxT07LhXvWL08LNXz1fENOw0Ap4sRZZ/gZpTTJ5jpurzzzfS2W/Ge9BY3LgLjCShcw==}
    engines: {node: ^12.20.0 || ^14.13.1 || >=16.0.0}
    dependencies:
      p-limit: 4.0.0
    dev: false

  /parse-json/5.2.0:
    resolution: {integrity: sha512-ayCKvm/phCGxOkYRSCM82iDwct8/EonSEgCSxWxD7ve6jHggsFl4fZVQBPRNgQoKiuV/odhFrGzQXZwbifC8Rg==}
    engines: {node: '>=8'}
    dependencies:
      '@babel/code-frame': 7.18.6
      error-ex: 1.3.2
      json-parse-even-better-errors: 2.3.1
      lines-and-columns: 1.2.4
    dev: false

  /path-exists/5.0.0:
    resolution: {integrity: sha512-RjhtfwJOxzcFmNOi6ltcbcu4Iu+FL3zEj83dk4kAS+fVpTxXLO1b38RvJgT/0QwvV/L3aY9TAnyv0EOqW4GoMQ==}
    engines: {node: ^12.20.0 || ^14.13.1 || >=16.0.0}
    dev: false

  /prettier/2.8.2:
    resolution: {integrity: sha512-BtRV9BcncDyI2tsuS19zzhzoxD8Dh8LiCx7j7tHzrkz8GFXAexeWFdi22mjE1d16dftH2qNaytVxqiRTGlMfpw==}
    engines: {node: '>=10.13.0'}
    hasBin: true
    dev: true

  /quick-lru/6.1.1:
    resolution: {integrity: sha512-S27GBT+F0NTRiehtbrgaSE1idUAJ5bX8dPAQTdylEyNlrdcH5X4Lz7Edz3DYzecbsCluD5zO8ZNEe04z3D3u6Q==}
    engines: {node: '>=12'}
    dev: false

  /read-pkg-up/9.1.0:
    resolution: {integrity: sha512-vaMRR1AC1nrd5CQM0PhlRsO5oc2AAigqr7cCrZ/MW/Rsaflz4RlgzkpL4qoU/z1F6wrbd85iFv1OQj/y5RdGvg==}
    engines: {node: ^12.20.0 || ^14.13.1 || >=16.0.0}
    dependencies:
      find-up: 6.3.0
      read-pkg: 7.1.0
      type-fest: 2.19.0
    dev: false

  /read-pkg/7.1.0:
    resolution: {integrity: sha512-5iOehe+WF75IccPc30bWTbpdDQLOCc3Uu8bi3Dte3Eueij81yx1Mrufk8qBx/YAbR4uL1FdUr+7BKXDwEtisXg==}
    engines: {node: '>=12.20'}
    dependencies:
      '@types/normalize-package-data': 2.4.1
      normalize-package-data: 3.0.3
      parse-json: 5.2.0
      type-fest: 2.19.0
    dev: false

  /redent/4.0.0:
    resolution: {integrity: sha512-tYkDkVVtYkSVhuQ4zBgfvciymHaeuel+zFKXShfDnFP5SyVEP7qo70Rf1jTOTCx3vGNAbnEi/xFkcfQVMIBWag==}
    engines: {node: '>=12'}
    dependencies:
      indent-string: 5.0.0
      strip-indent: 4.0.0
    dev: false

  /safe-buffer/5.2.1:
    resolution: {integrity: sha512-rp3So07KcdmmKbGvgaNxQSJr7bGVSVk5S9Eq1F+ppbRo70+YeaDxkw5Dd8NPN+GD6bjnYm2VuPuCXmpuYvmCXQ==}
    dev: false

  /semver/7.3.8:
    resolution: {integrity: sha512-NB1ctGL5rlHrPJtFDVIVzTyQylMLu9N9VICA6HSFJo8MCGVTMW6gfpicwKmmK/dAjTOrqu5l63JJOpDSrAis3A==}
    engines: {node: '>=10'}
    hasBin: true
    dependencies:
      lru-cache: 6.0.0
    dev: false

  /spdx-correct/3.1.1:
    resolution: {integrity: sha512-cOYcUWwhCuHCXi49RhFRCyJEK3iPj1Ziz9DpViV3tbZOwXD49QzIN3MpOLJNxh2qwq2lJJZaKMVw9qNi4jTC0w==}
    dependencies:
      spdx-expression-parse: 3.0.1
      spdx-license-ids: 3.0.12
    dev: false

  /spdx-exceptions/2.3.0:
    resolution: {integrity: sha512-/tTrYOC7PPI1nUAgx34hUpqXuyJG+DTHJTnIULG4rDygi4xu/tfgmq1e1cIRwRzwZgo4NLySi+ricLkZkw4i5A==}
    dev: false

  /spdx-expression-parse/3.0.1:
    resolution: {integrity: sha512-cbqHunsQWnJNE6KhVSMsMeH5H/L9EpymbzqTQ3uLwNCLZ1Q481oWaofqH7nO6V07xlXwY6PhQdQ2IedWx/ZK4Q==}
    dependencies:
      spdx-exceptions: 2.3.0
      spdx-license-ids: 3.0.12
    dev: false

  /spdx-license-ids/3.0.12:
    resolution: {integrity: sha512-rr+VVSXtRhO4OHbXUiAF7xW3Bo9DuuF6C5jH+q/x15j2jniycgKbxU09Hr0WqlSLUs4i4ltHGXqTe7VHclYWyA==}
    dev: false

  /strip-indent/4.0.0:
    resolution: {integrity: sha512-mnVSV2l+Zv6BLpSD/8V87CW/y9EmmbYzGCIavsnsI6/nwn26DwffM/yztm30Z/I2DY9wdS3vXVCMnHDgZaVNoA==}
    engines: {node: '>=12'}
    dependencies:
      min-indent: 1.0.1
    dev: false

  /supports-color/5.5.0:
    resolution: {integrity: sha512-QjVjwdXIt408MIiAqCX4oUKsgU2EqAGzs2Ppkm4aQYbjm+ZEWEcW4SfFNTr4uMNZma0ey4f5lgLrkB0aX0QMow==}
    engines: {node: '>=4'}
    dependencies:
      has-flag: 3.0.0
    dev: false

  /tr46/0.0.3:
    resolution: {integrity: sha512-N3WMsuqV66lT30CrXNbEjx4GEwlow3v6rr4mCcv6prnfwhS01rkgyFdjPNBYd9br7LpXV1+Emh01fHnq2Gdgrw==}
    dev: false

  /trim-newlines/4.0.2:
    resolution: {integrity: sha512-GJtWyq9InR/2HRiLZgpIKv+ufIKrVrvjQWEj7PxAXNc5dwbNJkqhAUoAGgzRmULAnoOM5EIpveYd3J2VeSAIew==}
    engines: {node: '>=12'}
    dev: false

  /type-fest/2.19.0:
    resolution: {integrity: sha512-RAH822pAdBgcNMAfWnCBU3CFZcfZ/i1eZjwFU/dsLKumyuuP3niueg2UAukXYF0E2AAoc82ZSSf9J0WQBinzHA==}
    engines: {node: '>=12.20'}
    dev: false

  /type-fest/3.5.1:
    resolution: {integrity: sha512-70T99cpILFk2fzwuljwWxmazSphFrdOe3gRHbp6bqs71pxFBbJwFqnmkLO2lQL6aLHxHmYAnP/sL+AJWpT70jA==}
    engines: {node: '>=14.16'}
    dev: false

  /universal-github-app-jwt/1.1.1:
    resolution: {integrity: sha512-G33RTLrIBMFmlDV4u4CBF7dh71eWwykck4XgaxaIVeZKOYZRAAxvcGMRFTUclVY6xoUPQvO4Ne5wKGxYm/Yy9w==}
    dependencies:
      '@types/jsonwebtoken': 9.0.0
      jsonwebtoken: 9.0.0
    dev: false

  /universal-user-agent/6.0.0:
    resolution: {integrity: sha512-isyNax3wXoKaulPDZWHQqbmIx1k2tb9fb3GGDBRxCscfYV2Ch7WxPArBsFEG8s/safwXTT7H4QGhaIkTp9447w==}
    dev: false

  /validate-npm-package-license/3.0.4:
    resolution: {integrity: sha512-DpKm2Ui/xN7/HQKCtpZxoRWBhZ9Z0kqtygG8XCgNQ8ZlDnxuQmWhj566j8fN4Cu3/JmbhsDo7fcAJq4s9h27Ew==}
    dependencies:
      spdx-correct: 3.1.1
      spdx-expression-parse: 3.0.1
    dev: false

  /webidl-conversions/3.0.1:
    resolution: {integrity: sha512-2JAn3z8AR6rjK8Sm8orRC0h/bcl/DqL7tRPdGZ4I1CjdF+EaMLmYxBHyXuKL849eucPFhvBoxMsflfOb8kxaeQ==}
    dev: false

  /whatwg-url/5.0.0:
    resolution: {integrity: sha512-saE57nupxk6v3HY35+jzBwYa0rKSy0XR8JSxZPwgLr7ys0IBzhGviA1/TUGJLmSVqs8pb9AnvICXEuOHLprYTw==}
    dependencies:
      tr46: 0.0.3
      webidl-conversions: 3.0.1
    dev: false

  /wrappy/1.0.2:
    resolution: {integrity: sha512-l4Sp/DRseor9wL6EvV2+TuQn63dMkPjZ/sp9XkghTEbV9KlPS1xUsZ3u7/IQO4wxtcFB4bgpQPRcR3QCvezPcQ==}
    dev: false

  /yallist/4.0.0:
    resolution: {integrity: sha512-3wdGidZyq5PB084XLES5TpOSRA3wjXAlIWMhum2kRcv/41Sn2emQ0dycQW4uZXLejwKvg6EsvbdlVL+FYEct7A==}
    dev: false

  /yargs-parser/21.1.1:
    resolution: {integrity: sha512-tVpsJW7DdjecAiFpbIB1e3qxIQsE6NoPc5/eTdrbbIC4h0LVsWhnoa3g+m2HclBIujHzsxZ4VJVA+GUuc2/LBw==}
    engines: {node: '>=12'}
    dev: false

  /yocto-queue/1.0.0:
    resolution: {integrity: sha512-9bnSc/HEW2uRy67wc+T8UwauLuPJVn28jb+GtJY16iiKWyvmYJRXVT4UamsAEGQfPohgr2q4Tq0sQbQlxTfi1g==}
    engines: {node: '>=12.20'}
    dev: false
